
Microsoft Visual Studio Solution File, Format Version 12.00
# Visual Studio 15
VisualStudioVersion = 15.0.28010.2036
MinimumVisualStudioVersion = 10.0.40219.1
Project("{FAE04EC0-301F-11D3-BF4B-00C04F79EFBC}") = "myPatisserie", "myPatisserie\myPatisserie.csproj", "{DD44716A-C87A-4D81-B183-939B1D6C64FF}"
EndProject
Project("{FAE04EC0-301F-11D3-BF4B-00C04F79EFBC}") = "DataAccessLayer", "DataAccessLayer\DataAccessLayer.csproj", "{6063BCA9-2AFE-44D4-AD4C-D6B2E17C319D}"
EndProject
Global
	GlobalSection(SolutionConfigurationPlatforms) = preSolution
		Debug|Any CPU = Debug|Any CPU
		Release|Any CPU = Release|Any CPU
	EndGlobalSection
	GlobalSection(ProjectConfigurationPlatforms) = postSolution
		{DD44716A-C87A-4D81-B183-939B1D6C64FF}.Debug|Any CPU.ActiveCfg = Debug|Any CPU
		{DD44716A-C87A-4D81-B183-939B1D6C64FF}.Debug|Any CPU.Build.0 = Debug|Any CPU
		{DD44716A-C87A-4D81-B183-939B1D6C64FF}.Release|Any CPU.ActiveCfg = Release|Any CPU
		{DD44716A-C87A-4D81-B183-939B1D6C64FF}.Release|Any CPU.Build.0 = Release|Any CPU
		{6063BCA9-2AFE-44D4-AD4C-D6B2E17C319D}.Debug|Any CPU.ActiveCfg = Debug|Any CPU
		{6063BCA9-2AFE-44D4-AD4C-D6B2E17C319D}.Debug|Any CPU.Build.0 = Debug|Any CPU
		{6063BCA9-2AFE-44D4-AD4C-D6B2E17C319D}.Release|Any CPU.ActiveCfg = Release|Any CPU
		{6063BCA9-2AFE-44D4-AD4C-D6B2E17C319D}.Release|Any CPU.Build.0 = Release|Any CPU
	EndGlobalSection
	GlobalSection(SolutionProperties) = preSolution
		HideSolutionNode = FALSE
	EndGlobalSection
	GlobalSection(ExtensibilityGlobals) = postSolution
		SolutionGuid = {2505B663-CBFC-4144-8790-B21869B16034}
	EndGlobalSection
EndGlobal
